
Microsoft Visual Studio Solution File, Format Version 12.00
# Visual Studio Version 17
VisualStudioVersion = 17.5.33502.453
MinimumVisualStudioVersion = 10.0.40219.1
Project("{FAE04EC0-301F-11D3-BF4B-00C04F79EFBC}") = "Next_Level_Bootcamp_Task1", "Next_Level_Bootcamp_Task1\Next_Level_Bootcamp_Task1.csproj", "{F1A11EC5-ACC1-4322-BE92-94520E300537}"
EndProject
Global
	GlobalSection(SolutionConfigurationPlatforms) = preSolution
		Debug|Any CPU = Debug|Any CPU
		Release|Any CPU = Release|Any CPU
	EndGlobalSection
	GlobalSection(ProjectConfigurationPlatforms) = postSolution
		{F1A11EC5-ACC1-4322-BE92-94520E300537}.Debug|Any CPU.ActiveCfg = Debug|Any CPU
		{F1A11EC5-ACC1-4322-BE92-94520E300537}.Debug|Any CPU.Build.0 = Debug|Any CPU
		{F1A11EC5-ACC1-4322-BE92-94520E300537}.Release|Any CPU.ActiveCfg = Release|Any CPU
		{F1A11EC5-ACC1-4322-BE92-94520E300537}.Release|Any CPU.Build.0 = Release|Any CPU
	EndGlobalSection
	GlobalSection(SolutionProperties) = preSolution
		HideSolutionNode = FALSE
	EndGlobalSection
	GlobalSection(ExtensibilityGlobals) = postSolution
		SolutionGuid = {76CA1C24-6B57-41BA-BFC6-1AC16AE6CB19}
	EndGlobalSection
EndGlobal
